
Microsoft Visual Studio Solution File, Format Version 12.00
# Visual Studio Version 16
VisualStudioVersion = 16.0.31729.503
MinimumVisualStudioVersion = 10.0.40219.1
Project("{FAE04EC0-301F-11D3-BF4B-00C04F79EFBC}") = "HikeSharingUi", "HikeSharingUi\HikeSharingUi.csproj", "{086EFF49-7D83-4E1E-9A8E-4281941AA3FF}"
EndProject
Global
	GlobalSection(SolutionConfigurationPlatforms) = preSolution
		Debug|Any CPU = Debug|Any CPU
		Release|Any CPU = Release|Any CPU
	EndGlobalSection
	GlobalSection(ProjectConfigurationPlatforms) = postSolution
		{086EFF49-7D83-4E1E-9A8E-4281941AA3FF}.Debug|Any CPU.ActiveCfg = Debug|Any CPU
		{086EFF49-7D83-4E1E-9A8E-4281941AA3FF}.Debug|Any CPU.Build.0 = Debug|Any CPU
		{086EFF49-7D83-4E1E-9A8E-4281941AA3FF}.Release|Any CPU.ActiveCfg = Release|Any CPU
		{086EFF49-7D83-4E1E-9A8E-4281941AA3FF}.Release|Any CPU.Build.0 = Release|Any CPU
	EndGlobalSection
	GlobalSection(SolutionProperties) = preSolution
		HideSolutionNode = FALSE
	EndGlobalSection
	GlobalSection(ExtensibilityGlobals) = postSolution
		SolutionGuid = {0071B667-3AE0-4F98-A529-DCE0E676D473}
	EndGlobalSection
EndGlobal
